
Microsoft Visual Studio Solution File, Format Version 12.00
# Visual Studio Version 17
VisualStudioVersion = 17.7.34221.43
MinimumVisualStudioVersion = 10.0.40219.1
Project("{FAE04EC0-301F-11D3-BF4B-00C04F79EFBC}") = "ProyectoPromociones", "ProyectoPromociones\ProyectoPromociones.csproj", "{8CE10EFA-F8A3-466C-8AE4-65F80F752295}"
EndProject
Global
	GlobalSection(SolutionConfigurationPlatforms) = preSolution
		Debug|Any CPU = Debug|Any CPU
		Release|Any CPU = Release|Any CPU
	EndGlobalSection
	GlobalSection(ProjectConfigurationPlatforms) = postSolution
		{8CE10EFA-F8A3-466C-8AE4-65F80F752295}.Debug|Any CPU.ActiveCfg = Debug|Any CPU
		{8CE10EFA-F8A3-466C-8AE4-65F80F752295}.Debug|Any CPU.Build.0 = Debug|Any CPU
		{8CE10EFA-F8A3-466C-8AE4-65F80F752295}.Release|Any CPU.ActiveCfg = Release|Any CPU
		{8CE10EFA-F8A3-466C-8AE4-65F80F752295}.Release|Any CPU.Build.0 = Release|Any CPU
	EndGlobalSection
	GlobalSection(SolutionProperties) = preSolution
		HideSolutionNode = FALSE
	EndGlobalSection
	GlobalSection(ExtensibilityGlobals) = postSolution
		SolutionGuid = {D61D59FB-82DA-4AC1-A2F1-1E92267C785B}
	EndGlobalSection
EndGlobal
